
Microsoft Visual Studio Solution File, Format Version 12.00
# Visual Studio Version 17
VisualStudioVersion = 17.5.002.0
MinimumVisualStudioVersion = 10.0.40219.1
Project("{9A19103F-16F7-4668-BE54-9A1E7A4F7556}") = "AccountManagementPortal", "AccountManagementPortal\AccountManagementPortal.csproj", "{DFE2BE76-67D8-4E2E-A112-9875C790F71E}"
EndProject
Global
	GlobalSection(SolutionConfigurationPlatforms) = preSolution
		Debug|Any CPU = Debug|Any CPU
		Release|Any CPU = Release|Any CPU
	EndGlobalSection
	GlobalSection(ProjectConfigurationPlatforms) = postSolution
		{DFE2BE76-67D8-4E2E-A112-9875C790F71E}.Debug|Any CPU.ActiveCfg = Debug|Any CPU
		{DFE2BE76-67D8-4E2E-A112-9875C790F71E}.Debug|Any CPU.Build.0 = Debug|Any CPU
		{DFE2BE76-67D8-4E2E-A112-9875C790F71E}.Release|Any CPU.ActiveCfg = Release|Any CPU
		{DFE2BE76-67D8-4E2E-A112-9875C790F71E}.Release|Any CPU.Build.0 = Release|Any CPU
	EndGlobalSection
	GlobalSection(SolutionProperties) = preSolution
		HideSolutionNode = FALSE
	EndGlobalSection
	GlobalSection(ExtensibilityGlobals) = postSolution
		SolutionGuid = {950C54E7-D3C7-4C38-BC63-B9B5E60E065C}
	EndGlobalSection
EndGlobal
